Microsoft Visual Studio Solution File, Format Version 12.00
# Visual Studio Version 17
VisualStudioVersion = 17.5.2.0
MinimumVisualStudioVersion = 10.0.40219.1
Project("{{{REDACTED-GUID}}}") = "az-tw-website-functions", "az-tw-website-functions.csproj", "{{{REDACTED-GUID}}}"
EndProject
Project("{{{REDACTED-GUID}}}") = "SharedStorage", "SharedStorage\SharedStorage.csproj", "{{{REDACTED-GUID}}}"
EndProject
Project("{{{REDACTED-GUID}}}") = "Utils", "Utils\Utils.csproj", "{{{REDACTED-GUID}}}"
EndProject
Global
	GlobalSection(SolutionConfigurationPlatforms) = preSolution
		Debug|Any CPU = Debug|Any CPU
		Release|Any CPU = Release|Any CPU
	EndGlobalSection
	GlobalSection(ProjectConfigurationPlatforms) = postSolution
		{{{REDACTED-GUID}}}.Debug|Any CPU.ActiveCfg = Debug|Any CPU
		{{{REDACTED-GUID}}}.Debug|Any CPU.Build.0 = Debug|Any CPU
		{{{REDACTED-GUID}}}.Release|Any CPU.ActiveCfg = Release|Any CPU
		{{{REDACTED-GUID}}}.Release|Any CPU.Build.0 = Release|Any CPU
		{{{REDACTED-GUID}}}.Debug|Any CPU.ActiveCfg = Debug|Any CPU
		{{{REDACTED-GUID}}}.Debug|Any CPU.Build.0 = Debug|Any CPU
		{{{REDACTED-GUID}}}.Release|Any CPU.ActiveCfg = Release|Any CPU
		{{{REDACTED-GUID}}}.Release|Any CPU.Build.0 = Release|Any CPU
		{{{REDACTED-GUID}}}.Debug|Any CPU.ActiveCfg = Debug|Any CPU
		{{{REDACTED-GUID}}}.Debug|Any CPU.Build.0 = Debug|Any CPU
		{{{REDACTED-GUID}}}.Release|Any CPU.ActiveCfg = Release|Any CPU
		{{{REDACTED-GUID}}}.Release|Any CPU.Build.0 = Release|Any CPU
	EndGlobalSection
	GlobalSection(SolutionProperties) = preSolution
		HideSolutionNode = FALSE
	EndGlobalSection
	GlobalSection(ExtensibilityGlobals) = postSolution
		SolutionGuid = {{{REDACTED-GUID}}}
	EndGlobalSection
EndGlobal
